# This file was autogenerated by Stack.
# You should not edit this file by hand.
# For more information, please see the documentation at:
#   https://docs.haskellstack.org/en/stable/lock_files

packages:
- completed:
    hackage: ChasingBottoms-1.3.1.6@sha256:2ce33612603ad1c7416054d17a6b43f456411531bb2a562e60af60d56e044fc3,6346
    pantry-tree:
      size: 1742
      sha256: 296f0cf4c3efeaa37e62638b062d123b7a9b6668292ac3e740e6a2b7a548d45d
  original:
    hackage: ChasingBottoms-1.3.1.6
snapshots:
- completed:
    size: 524104
    url: https://raw.githubusercontent.com/commercialhaskell/stackage-snapshots/master/lts/14/5.yaml
    sha256: 3c146eebc1b383211ea49d5422fb3d63d699da12307b4bc989107300eb579d60
  original: lts-14.5
